
Microsoft Visual Studio Solution File, Format Version 12.00
# Visual Studio Version 17
VisualStudioVersion = 17.11.35327.3
MinimumVisualStudioVersion = 10.0.40219.1
Project("{FAE04EC0-301F-11D3-BF4B-00C04F79EFBC}") = "Inloggningssystem G6", "Inloggningssystem G6.csproj", "{1033914A-F050-48AC-A2AF-AE65BCFC566F}"
EndProject
Global
	GlobalSection(SolutionConfigurationPlatforms) = preSolution
		Debug|Any CPU = Debug|Any CPU
		Release|Any CPU = Release|Any CPU
	EndGlobalSection
	GlobalSection(ProjectConfigurationPlatforms) = postSolution
		{1033914A-F050-48AC-A2AF-AE65BCFC566F}.Debug|Any CPU.ActiveCfg = Debug|Any CPU
		{1033914A-F050-48AC-A2AF-AE65BCFC566F}.Debug|Any CPU.Build.0 = Debug|Any CPU
		{1033914A-F050-48AC-A2AF-AE65BCFC566F}.Release|Any CPU.ActiveCfg = Release|Any CPU
		{1033914A-F050-48AC-A2AF-AE65BCFC566F}.Release|Any CPU.Build.0 = Release|Any CPU
	EndGlobalSection
	GlobalSection(SolutionProperties) = preSolution
		HideSolutionNode = FALSE
	EndGlobalSection
	GlobalSection(ExtensibilityGlobals) = postSolution
		SolutionGuid = {EA14AD0B-B5B3-4C0B-AEAC-3A96D6789386}
	EndGlobalSection
EndGlobal
